
Microsoft Visual Studio Solution File, Format Version 12.00
# Visual Studio Version 17
VisualStudioVersion = 17.11.35219.272
MinimumVisualStudioVersion = 10.0.40219.1
Project("{8BC9CEB8-8B4A-11D0-8D11-00A0C91BC942}") = "lab1", "lab1\lab1.vcxproj", "{1356FEA4-E4AF-4A3D-8876-8E21F1A10342}"
EndProject
Project("{8BC9CEB8-8B4A-11D0-8D11-00A0C91BC942}") = "lab2", "lab2\lab2.vcxproj", "{430359CB-EF29-4153-BFA8-50B7C0A39BF2}"
EndProject
Project("{8BC9CEB8-8B4A-11D0-8D11-00A0C91BC942}") = "lab3", "lab3\lab3.vcxproj", "{5A2693B1-C4EA-4B47-9147-68EBDD2CBD58}"
EndProject
Project("{8BC9CEB8-8B4A-11D0-8D11-00A0C91BC942}") = "lab4", "lab4\lab4.vcxproj", "{4A8C38F6-4A69-4D23-BADF-8BAF3CD7B51D}"
EndProject
Project("{8BC9CEB8-8B4A-11D0-8D11-00A0C91BC942}") = "lab5", "lab5\lab5.vcxproj", "{569BF2AC-9579-4B30-98FD-7A0C8453BB77}"
EndProject
Project("{8BC9CEB8-8B4A-11D0-8D11-00A0C91BC942}") = "lab6", "lab6\lab6.vcxproj", "{7F552A98-9E54-4540-9620-59DF1784CB88}"
EndProject
Project("{8BC9CEB8-8B4A-11D0-8D11-00A0C91BC942}") = "lab7", "lab7\lab7.vcxproj", "{121AECD5-3EDF-483F-B76D-79BDB482C965}"
EndProject
Project("{8BC9CEB8-8B4A-11D0-8D11-00A0C91BC942}") = "lab8", "lab8\lab8.vcxproj", "{ECD96662-D323-4545-B3BB-BF5A2AC23289}"
EndProject
Project("{8BC9CEB8-8B4A-11D0-8D11-00A0C91BC942}") = "lab9", "lab9\lab9.vcxproj", "{BEEF7A3F-EE48-4E57-AEB6-2B19D6055AE4}"
EndProject
Project("{8BC9CEB8-8B4A-11D0-8D11-00A0C91BC942}") = "lab10", "lab10\lab10.vcxproj", "{A3007078-7025-4FFA-9C90-1B7A571E34D8}"
EndProject
Project("{8BC9CEB8-8B4A-11D0-8D11-00A0C91BC942}") = "lab11", "lab11\lab11.vcxproj", "{408FFBAA-0392-4B7A-8E1B-DC15A1CA1BA6}"
EndProject
Global
	GlobalSection(SolutionConfigurationPlatforms) = preSolution
		Debug|x64 = Debug|x64
		Debug|x86 = Debug|x86
		Release|x64 = Release|x64
		Release|x86 = Release|x86
	EndGlobalSection
	GlobalSection(ProjectConfigurationPlatforms) = postSolution
		{1356FEA4-E4AF-4A3D-8876-8E21F1A10342}.Debug|x64.ActiveCfg = Debug|x64
		{1356FEA4-E4AF-4A3D-8876-8E21F1A10342}.Debug|x64.Build.0 = Debug|x64
		{1356FEA4-E4AF-4A3D-8876-8E21F1A10342}.Debug|x86.ActiveCfg = Debug|Win32
		{1356FEA4-E4AF-4A3D-8876-8E21F1A10342}.Debug|x86.Build.0 = Debug|Win32
		{1356FEA4-E4AF-4A3D-8876-8E21F1A10342}.Release|x64.ActiveCfg = Release|x64
		{1356FEA4-E4AF-4A3D-8876-8E21F1A10342}.Release|x64.Build.0 = Release|x64
		{1356FEA4-E4AF-4A3D-8876-8E21F1A10342}.Release|x86.ActiveCfg = Release|Win32
		{1356FEA4-E4AF-4A3D-8876-8E21F1A10342}.Release|x86.Build.0 = Release|Win32
		{430359CB-EF29-4153-BFA8-50B7C0A39BF2}.Debug|x64.ActiveCfg = Debug|x64
		{430359CB-EF29-4153-BFA8-50B7C0A39BF2}.Debug|x64.Build.0 = Debug|x64
		{430359CB-EF29-4153-BFA8-50B7C0A39BF2}.Debug|x86.ActiveCfg = Debug|Win32
		{430359CB-EF29-4153-BFA8-50B7C0A39BF2}.Debug|x86.Build.0 = Debug|Win32
		{430359CB-EF29-4153-BFA8-50B7C0A39BF2}.Release|x64.ActiveCfg = Release|x64
		{430359CB-EF29-4153-BFA8-50B7C0A39BF2}.Release|x64.Build.0 = Release|x64
		{430359CB-EF29-4153-BFA8-50B7C0A39BF2}.Release|x86.ActiveCfg = Release|Win32
		{430359CB-EF29-4153-BFA8-50B7C0A39BF2}.Release|x86.Build.0 = Release|Win32
		{5A2693B1-C4EA-4B47-9147-68EBDD2CBD58}.Debug|x64.ActiveCfg = Debug|x64
		{5A2693B1-C4EA-4B47-9147-68EBDD2CBD58}.Debug|x64.Build.0 = Debug|x64
		{5A2693B1-C4EA-4B47-9147-68EBDD2CBD58}.Debug|x86.ActiveCfg = Debug|Win32
		{5A2693B1-C4EA-4B47-9147-68EBDD2CBD58}.Debug|x86.Build.0 = Debug|Win32
		{5A2693B1-C4EA-4B47-9147-68EBDD2CBD58}.Release|x64.ActiveCfg = Release|x64
		{5A2693B1-C4EA-4B47-9147-68EBDD2CBD58}.Release|x64.Build.0 = Release|x64
		{5A2693B1-C4EA-4B47-9147-68EBDD2CBD58}.Release|x86.ActiveCfg = Release|Win32
		{5A2693B1-C4EA-4B47-9147-68EBDD2CBD58}.Release|x86.Build.0 = Release|Win32
		{4A8C38F6-4A69-4D23-BADF-8BAF3CD7B51D}.Debug|x64.ActiveCfg = Debug|x64
		{4A8C38F6-4A69-4D23-BADF-8BAF3CD7B51D}.Debug|x64.Build.0 = Debug|x64
		{4A8C38F6-4A69-4D23-BADF-8BAF3CD7B51D}.Debug|x86.ActiveCfg = Debug|Win32
		{4A8C38F6-4A69-4D23-BADF-8BAF3CD7B51D}.Debug|x86.Build.0 = Debug|Win32
		{4A8C38F6-4A69-4D23-BADF-8BAF3CD7B51D}.Release|x64.ActiveCfg = Release|x64
		{4A8C38F6-4A69-4D23-BADF-8BAF3CD7B51D}.Release|x64.Build.0 = Release|x64
		{4A8C38F6-4A69-4D23-BADF-8BAF3CD7B51D}.Release|x86.ActiveCfg = Release|Win32
		{4A8C38F6-4A69-4D23-BADF-8BAF3CD7B51D}.Release|x86.Build.0 = Release|Win32
		{569BF2AC-9579-4B30-98FD-7A0C8453BB77}.Debug|x64.ActiveCfg = Debug|x64
		{569BF2AC-9579-4B30-98FD-7A0C8453BB77}.Debug|x64.Build.0 = Debug|x64
		{569BF2AC-9579-4B30-98FD-7A0C8453BB77}.Debug|x86.ActiveCfg = Debug|Win32
		{569BF2AC-9579-4B30-98FD-7A0C8453BB77}.Debug|x86.Build.0 = Debug|Win32
		{569BF2AC-9579-4B30-98FD-7A0C8453BB77}.Release|x64.ActiveCfg = Release|x64
		{569BF2AC-9579-4B30-98FD-7A0C8453BB77}.Release|x64.Build.0 = Release|x64
		{569BF2AC-9579-4B30-98FD-7A0C8453BB77}.Release|x86.ActiveCfg = Release|Win32
		{569BF2AC-9579-4B30-98FD-7A0C8453BB77}.Release|x86.Build.0 = Release|Win32
		{7F552A98-9E54-4540-9620-59DF1784CB88}.Debug|x64.ActiveCfg = Debug|x64
		{7F552A98-9E54-4540-9620-59DF1784CB88}.Debug|x64.Build.0 = Debug|x64
		{7F552A98-9E54-4540-9620-59DF1784CB88}.Debug|x86.ActiveCfg = Debug|Win32
		{7F552A98-9E54-4540-9620-59DF1784CB88}.Debug|x86.Build.0 = Debug|Win32
		{7F552A98-9E54-4540-9620-59DF1784CB88}.Release|x64.ActiveCfg = Release|x64
		{7F552A98-9E54-4540-9620-59DF1784CB88}.Release|x64.Build.0 = Release|x64
		{7F552A98-9E54-4540-9620-59DF1784CB88}.Release|x86.ActiveCfg = Release|Win32
		{7F552A98-9E54-4540-9620-59DF1784CB88}.Release|x86.Build.0 = Release|Win32
		{121AECD5-3EDF-483F-B76D-79BDB482C965}.Debug|x64.ActiveCfg = Debug|x64
		{121AECD5-3EDF-483F-B76D-79BDB482C965}.Debug|x64.Build.0 = Debug|x64
		{121AECD5-3EDF-483F-B76D-79BDB482C965}.Debug|x86.ActiveCfg = Debug|Win32
		{121AECD5-3EDF-483F-B76D-79BDB482C965}.Debug|x86.Build.0 = Debug|Win32
		{121AECD5-3EDF-483F-B76D-79BDB482C965}.Release|x64.ActiveCfg = Release|x64
		{121AECD5-3EDF-483F-B76D-79BDB482C965}.Release|x64.Build.0 = Release|x64
		{121AECD5-3EDF-483F-B76D-79BDB482C965}.Release|x86.ActiveCfg = Release|Win32
		{121AECD5-3EDF-483F-B76D-79BDB482C965}.Release|x86.Build.0 = Release|Win32
		{ECD96662-D323-4545-B3BB-BF5A2AC23289}.Debug|x64.ActiveCfg = Debug|x64
		{ECD96662-D323-4545-B3BB-BF5A2AC23289}.Debug|x64.Build.0 = Debug|x64
		{ECD96662-D323-4545-B3BB-BF5A2AC23289}.Debug|x86.ActiveCfg = Debug|Win32
		{ECD96662-D323-4545-B3BB-BF5A2AC23289}.Debug|x86.Build.0 = Debug|Win32
		{ECD96662-D323-4545-B3BB-BF5A2AC23289}.Release|x64.ActiveCfg = Release|x64
		{ECD96662-D323-4545-B3BB-BF5A2AC23289}.Release|x64.Build.0 = Release|x64
		{ECD96662-D323-4545-B3BB-BF5A2AC23289}.Release|x86.ActiveCfg = Release|Win32
		{ECD96662-D323-4545-B3BB-BF5A2AC23289}.Release|x86.Build.0 = Release|Win32
		{BEEF7A3F-EE48-4E57-AEB6-2B19D6055AE4}.Debug|x64.ActiveCfg = Debug|x64
		{BEEF7A3F-EE48-4E57-AEB6-2B19D6055AE4}.Debug|x64.Build.0 = Debug|x64
		{BEEF7A3F-EE48-4E57-AEB6-2B19D6055AE4}.Debug|x86.ActiveCfg = Debug|Win32
		{BEEF7A3F-EE48-4E57-AEB6-2B19D6055AE4}.Debug|x86.Build.0 = Debug|Win32
		{BEEF7A3F-EE48-4E57-AEB6-2B19D6055AE4}.Release|x64.ActiveCfg = Release|x64
		{BEEF7A3F-EE48-4E57-AEB6-2B19D6055AE4}.Release|x64.Build.0 = Release|x64
		{BEEF7A3F-EE48-4E57-AEB6-2B19D6055AE4}.Release|x86.ActiveCfg = Release|Win32
		{BEEF7A3F-EE48-4E57-AEB6-2B19D6055AE4}.Release|x86.Build.0 = Release|Win32
		{A3007078-7025-4FFA-9C90-1B7A571E34D8}.Debug|x64.ActiveCfg = Debug|x64
		{A3007078-7025-4FFA-9C90-1B7A571E34D8}.Debug|x64.Build.0 = Debug|x64
		{A3007078-7025-4FFA-9C90-1B7A571E34D8}.Debug|x86.ActiveCfg = Debug|Win32
		{A3007078-7025-4FFA-9C90-1B7A571E34D8}.Debug|x86.Build.0 = Debug|Win32
		{A3007078-7025-4FFA-9C90-1B7A571E34D8}.Release|x64.ActiveCfg = Release|x64
		{A3007078-7025-4FFA-9C90-1B7A571E34D8}.Release|x64.Build.0 = Release|x64
		{A3007078-7025-4FFA-9C90-1B7A571E34D8}.Release|x86.ActiveCfg = Release|Win32
		{A3007078-7025-4FFA-9C90-1B7A571E34D8}.Release|x86.Build.0 = Release|Win32
		{408FFBAA-0392-4B7A-8E1B-DC15A1CA1BA6}.Debug|x64.ActiveCfg = Debug|x64
		{408FFBAA-0392-4B7A-8E1B-DC15A1CA1BA6}.Debug|x64.Build.0 = Debug|x64
		{408FFBAA-0392-4B7A-8E1B-DC15A1CA1BA6}.Debug|x86.ActiveCfg = Debug|Win32
		{408FFBAA-0392-4B7A-8E1B-DC15A1CA1BA6}.Debug|x86.Build.0 = Debug|Win32
		{408FFBAA-0392-4B7A-8E1B-DC15A1CA1BA6}.Release|x64.ActiveCfg = Release|x64
		{408FFBAA-0392-4B7A-8E1B-DC15A1CA1BA6}.Release|x64.Build.0 = Release|x64
		{408FFBAA-0392-4B7A-8E1B-DC15A1CA1BA6}.Release|x86.ActiveCfg = Release|Win32
		{408FFBAA-0392-4B7A-8E1B-DC15A1CA1BA6}.Release|x86.Build.0 = Release|Win32
	EndGlobalSection
	GlobalSection(SolutionProperties) = preSolution
		HideSolutionNode = FALSE
	EndGlobalSection
	GlobalSection(ExtensibilityGlobals) = postSolution
		SolutionGuid = {5BD41744-FD63-4A38-82AF-6CC768278191}
	EndGlobalSection
EndGlobal
