
Microsoft Visual Studio Solution File, Format Version 12.00
# Visual Studio Version 17
VisualStudioVersion = 17.11.35219.272
MinimumVisualStudioVersion = 10.0.40219.1
Project("{8BC9CEB8-8B4A-11D0-8D11-00A0C91BC942}") = "lab1", "lab1\lab1.vcxproj", "{1356FEA4-E4AF-4A3D-8876-8E21F1A10342}"
EndProject
Project("{8BC9CEB8-8B4A-11D0-8D11-00A0C91BC942}") = "lab2", "lab2\lab2.vcxproj", "{430359CB-EF29-4153-BFA8-50B7C0A39BF2}"
EndProject
Global
	GlobalSection(SolutionConfigurationPlatforms) = preSolution
		Debug|x64 = Debug|x64
		Debug|x86 = Debug|x86
		Release|x64 = Release|x64
		Release|x86 = Release|x86
	EndGlobalSection
	GlobalSection(ProjectConfigurationPlatforms) = postSolution
		{1356FEA4-E4AF-4A3D-8876-8E21F1A10342}.Debug|x64.ActiveCfg = Debug|x64
		{1356FEA4-E4AF-4A3D-8876-8E21F1A10342}.Debug|x64.Build.0 = Debug|x64
		{1356FEA4-E4AF-4A3D-8876-8E21F1A10342}.Debug|x86.ActiveCfg = Debug|Win32
		{1356FEA4-E4AF-4A3D-8876-8E21F1A10342}.Debug|x86.Build.0 = Debug|Win32
		{1356FEA4-E4AF-4A3D-8876-8E21F1A10342}.Release|x64.ActiveCfg = Release|x64
		{1356FEA4-E4AF-4A3D-8876-8E21F1A10342}.Release|x64.Build.0 = Release|x64
		{1356FEA4-E4AF-4A3D-8876-8E21F1A10342}.Release|x86.ActiveCfg = Release|Win32
		{1356FEA4-E4AF-4A3D-8876-8E21F1A10342}.Release|x86.Build.0 = Release|Win32
		{430359CB-EF29-4153-BFA8-50B7C0A39BF2}.Debug|x64.ActiveCfg = Debug|x64
		{430359CB-EF29-4153-BFA8-50B7C0A39BF2}.Debug|x64.Build.0 = Debug|x64
		{430359CB-EF29-4153-BFA8-50B7C0A39BF2}.Debug|x86.ActiveCfg = Debug|Win32
		{430359CB-EF29-4153-BFA8-50B7C0A39BF2}.Debug|x86.Build.0 = Debug|Win32
		{430359CB-EF29-4153-BFA8-50B7C0A39BF2}.Release|x64.ActiveCfg = Release|x64
		{430359CB-EF29-4153-BFA8-50B7C0A39BF2}.Release|x64.Build.0 = Release|x64
		{430359CB-EF29-4153-BFA8-50B7C0A39BF2}.Release|x86.ActiveCfg = Release|Win32
		{430359CB-EF29-4153-BFA8-50B7C0A39BF2}.Release|x86.Build.0 = Release|Win32
	EndGlobalSection
	GlobalSection(SolutionProperties) = preSolution
		HideSolutionNode = FALSE
	EndGlobalSection
	GlobalSection(ExtensibilityGlobals) = postSolution
		SolutionGuid = {5BD41744-FD63-4A38-82AF-6CC768278191}
	EndGlobalSection
EndGlobal
